
Microsoft Visual Studio Solution File, Format Version 12.00
# Visual Studio 15
Project("{FAE04EC0-301F-11D3-BF4B-00C04F79EFBC}") = "Assembly-CSharp", "Assembly-CSharp.csproj", "{01D5B786-6B70-8540-1707-B15A5719B97A}"
EndProject
Project("{FAE04EC0-301F-11D3-BF4B-00C04F79EFBC}") = "Assembly-CSharp-firstpass", "Assembly-CSharp-firstpass.csproj", "{D94C9B4B-33D0-5B7C-2430-1165804242D5}"
EndProject
Project("{FAE04EC0-301F-11D3-BF4B-00C04F79EFBC}") = "Assembly-CSharp-Editor-firstpass", "Assembly-CSharp-Editor-firstpass.csproj", "{D49E120E-4530-2115-F92B-00509F84572D}"
EndProject
Global
	GlobalSection(SolutionConfigurationPlatforms) = preSolution
		Debug|Any CPU = Debug|Any CPU
		Release|Any CPU = Release|Any CPU
	EndGlobalSection
	GlobalSection(ProjectConfigurationPlatforms) = postSolution
		{01D5B786-6B70-8540-1707-B15A5719B97A}.Debug|Any CPU.ActiveCfg = Debug|Any CPU
		{01D5B786-6B70-8540-1707-B15A5719B97A}.Debug|Any CPU.Build.0 = Debug|Any CPU
		{01D5B786-6B70-8540-1707-B15A5719B97A}.Release|Any CPU.ActiveCfg = Release|Any CPU
		{01D5B786-6B70-8540-1707-B15A5719B97A}.Release|Any CPU.Build.0 = Release|Any CPU
		{D94C9B4B-33D0-5B7C-2430-1165804242D5}.Debug|Any CPU.ActiveCfg = Debug|Any CPU
		{D94C9B4B-33D0-5B7C-2430-1165804242D5}.Debug|Any CPU.Build.0 = Debug|Any CPU
		{D94C9B4B-33D0-5B7C-2430-1165804242D5}.Release|Any CPU.ActiveCfg = Release|Any CPU
		{D94C9B4B-33D0-5B7C-2430-1165804242D5}.Release|Any CPU.Build.0 = Release|Any CPU
		{D49E120E-4530-2115-F92B-00509F84572D}.Debug|Any CPU.ActiveCfg = Debug|Any CPU
		{D49E120E-4530-2115-F92B-00509F84572D}.Debug|Any CPU.Build.0 = Debug|Any CPU
		{D49E120E-4530-2115-F92B-00509F84572D}.Release|Any CPU.ActiveCfg = Release|Any CPU
		{D49E120E-4530-2115-F92B-00509F84572D}.Release|Any CPU.Build.0 = Release|Any CPU
	EndGlobalSection
	GlobalSection(SolutionProperties) = preSolution
		HideSolutionNode = FALSE
	EndGlobalSection
EndGlobal
